// !$*UTF8*$!
{
	archiveVersion = 1;
	classes = {
	};
	objectVersion = 46;
	objects = {

/* Begin PBXBuildFile section */
		1D91595A19B4DABE00169828 /* main.swift in Sources */ = {isa = PBXBuildFile; fileRef = 1D91595919B4DABE00169828 /* main.swift */; };
		1D91596119B4DB1600169828 /* Car.swift in Sources */ = {isa = PBXBuildFile; fileRef = 1D91596019B4DB1600169828 /* Car.swift */; };
		1D91596319B4DBB100169828 /* TurboCar.swift in Sources */ = {isa = PBXBuildFile; fileRef = 1D91596219B4DBB100169828 /* TurboCar.swift */; };
		1D91596519B4E12A00169828 /* HybridCar.swift in Sources */ = {isa = PBXBuildFile; fileRef = 1D91596419B4E12A00169828 /* HybridCar.swift */; };
		1D91596B19B5168A00169828 /* PickupTruck.swift in Sources */ = {isa = PBXBuildFile; fileRef = 1D91596A19B5168A00169828 /* PickupTruck.swift */; };
/* End PBXBuildFile section */

/* Begin PBXCopyFilesBuildPhase section */
		1D91595419B4DABE00169828 /* CopyFiles */ = {
			isa = PBXCopyFilesBuildPhase;
			buildActionMask = 2147483647;
			dstPath = /usr/share/man/man1/;
			dstSubfolderSpec = 0;
			files = (
			);
			runOnlyForDeploymentPostprocessing = 1;
		};
/* End PBXCopyFilesBuildPhase section */

/* Begin PBXFileReference section */
		1D91595619B4DABE00169828 /* Unit2Lesson3 */ = {isa = PBXFileReference; explicitFileType = "compiled.mach-o.executable"; includeInIndex = 0; path = Unit2Lesson3; sourceTree = BUILT_PRODUCTS_DIR; };
		1D91595919B4DABE00169828 /* main.swift */ = {isa = PBXFileReference; lastKnownFileType = sourcecode.swift; path = main.swift; sourceTree = "<group>"; };
		1D91596019B4DB1600169828 /* Car.swift */ = {isa = PBXFileReference; fileEncoding = 4; lastKnownFileType = sourcecode.swift; path = Car.swift; sourceTree = "<group>"; };
		1D91596219B4DBB100169828 /* TurboCar.swift */ = {isa = PBXFileReference; fileEncoding = 4; lastKnownFileType = sourcecode.swift; path = TurboCar.swift; sourceTree = "<group>"; };
		1D91596419B4E12A00169828 /* HybridCar.swift */ = {isa = PBXFileReference; fileEncoding = 4; lastKnownFileType = sourcecode.swift; path = HybridCar.swift; sourceTree = "<group>"; };
		1D91596A19B5168A00169828 /* PickupTruck.swift */ = {isa = PBXFileReference; fileEncoding = 4; lastKnownFileType = sourcecode.swift; path = PickupTruck.swift; sourceTree = "<group>"; };
/* End PBXFileReference section */

/* Begin PBXFrameworksBuildPhase section */
		1D91595319B4DABE00169828 /* Frameworks */ = {
			isa = PBXFrameworksBuildPhase;
			buildActionMask = 2147483647;
			files = (
			);
			runOnlyForDeploymentPostprocessing = 0;
		};
/* End PBXFrameworksBuildPhase section */

/* Begin PBXGroup section */
		1D91594D19B4DABE00169828 = {
			isa = PBXGroup;
			children = (
				1D91595819B4DABE00169828 /* Unit2Lesson3 */,
				1D91595719B4DABE00169828 /* Products */,
			);
			sourceTree = "<group>";
		};
		1D91595719B4DABE00169828 /* Products */ = {
			isa = PBXGroup;
			children = (
				1D91595619B4DABE00169828 /* Unit2Lesson3 */,
			);
			name = Products;
			sourceTree = "<group>";
		};
		1D91595819B4DABE00169828 /* Unit2Lesson3 */ = {
			isa = PBXGroup;
			children = (
				1D91595919B4DABE00169828 /* main.swift */,
				1D91596019B4DB1600169828 /* Car.swift */,
				1D91596419B4E12A00169828 /* HybridCar.swift */,
				1D91596219B4DBB100169828 /* TurboCar.swift */,
				1D91596A19B5168A00169828 /* PickupTruck.swift */,
			);
			path = Unit2Lesson3;
			sourceTree = "<group>";
		};
/* End PBXGroup section */

/* Begin PBXNativeTarget section */
		1D91595519B4DABE00169828 /* Unit2Lesson3 */ = {
			isa = PBXNativeTarget;
			buildConfigurationList = 1D91595D19B4DABE00169828 /* Build configuration list for PBXNativeTarget "Unit2Lesson3" */;
			buildPhases = (
				1D91595219B4DABE00169828 /* Sources */,
				1D91595319B4DABE00169828 /* Frameworks */,
				1D91595419B4DABE00169828 /* CopyFiles */,
			);
			buildRules = (
			);
			dependencies = (
			);
			name = Unit2Lesson3;
			productName = Unit2Lesson3;
			productReference = 1D91595619B4DABE00169828 /* Unit2Lesson3 */;
			productType = "com.apple.product-type.tool";
		};
/* End PBXNativeTarget section */

/* Begin PBXProject section */
		1D91594E19B4DABE00169828 /* Project object */ = {
			isa = PBXProject;
			attributes = {
				LastUpgradeCheck = 0600;
				ORGANIZATIONNAME = "Rick Bowen";
				TargetAttributes = {
					1D91595519B4DABE00169828 = {
						CreatedOnToolsVersion = 6.0;
					};
				};
			};
			buildConfigurationList = 1D91595119B4DABE00169828 /* Build configuration list for PBXProject "Unit2Lesson3" */;
			compatibilityVersion = "Xcode 3.2";
			developmentRegion = English;
			hasScannedForEncodings = 0;
			knownRegions = (
				en,
			);
			mainGroup = 1D91594D19B4DABE00169828;
			productRefGroup = 1D91595719B4DABE00169828 /* Products */;
			projectDirPath = "";
			projectRoot = "";
			targets = (
				1D91595519B4DABE00169828 /* Unit2Lesson3 */,
			);
		};
/* End PBXProject section */

/* Begin PBXSourcesBuildPhase section */
		1D91595219B4DABE00169828 /* Sources */ = {
			isa = PBXSourcesBuildPhase;
			buildActionMask = 2147483647;
			files = (
				1D91596119B4DB1600169828 /* Car.swift in Sources */,
				1D91595A19B4DABE00169828 /* main.swift in Sources */,
				1D91596B19B5168A00169828 /* PickupTruck.swift in Sources */,
				1D91596519B4E12A00169828 /* HybridCar.swift in Sources */,
				1D91596319B4DBB100169828 /* TurboCar.swift in Sources */,
			);
			runOnlyForDeploymentPostprocessing = 0;
		};
/* End PBXSourcesBuildPhase section */

/* Begin XCBuildConfiguration section */
		1D91595B19B4DABE00169828 /* Debug */ = {
			isa = XCBuildConfiguration;
			buildSettings = {
				ALWAYS_SEARCH_USER_PATHS = NO;
				CLANG_CXX_LANGUAGE_STANDARD = "gnu++0x";
				CLANG_CXX_LIBRARY = "libc++";
				CLANG_ENABLE_MODULES = YES;
				CLANG_ENABLE_OBJC_ARC = YES;
				CLANG_WARN_BOOL_CONVERSION = YES;
				CLANG_WARN_CONSTANT_CONVERSION = YES;
				CLANG_WARN_DIRECT_OBJC_ISA_USAGE = YES_ERROR;
				CLANG_WARN_EMPTY_BODY = YES;
				CLANG_WARN_ENUM_CONVERSION = YES;
				CLANG_WARN_INT_CONVERSION = YES;
				CLANG_WARN_OBJC_ROOT_CLASS = YES_ERROR;
				CLANG_WARN_UNREACHABLE_CODE = YES;
				CLANG_WARN__DUPLICATE_METHOD_MATCH = YES;
				COPY_PHASE_STRIP = NO;
				ENABLE_STRICT_OBJC_MSGSEND = YES;
				GCC_C_LANGUAGE_STANDARD = gnu99;
				GCC_DYNAMIC_NO_PIC = NO;
				GCC_OPTIMIZATION_LEVEL = 0;
				GCC_PREPROCESSOR_DEFINITIONS = (
					"DEBUG=1",
					"$(inherited)",
				);
				GCC_SYMBOLS_PRIVATE_EXTERN = NO;
				GCC_WARN_64_TO_32_BIT_CONVERSION = YES;
				GCC_WARN_ABOUT_RETURN_TYPE = YES_ERROR;
				GCC_WARN_UNDECLARED_SELECTOR = YES;
				GCC_WARN_UNINITIALIZED_AUTOS = YES_AGGRESSIVE;
				GCC_WARN_UNUSED_FUNCTION = YES;
				GCC_WARN_UNUSED_VARIABLE = YES;
				MACOSX_DEPLOYMENT_TARGET = 10.9;
				MTL_ENABLE_DEBUG_INFO = YES;
				ONLY_ACTIVE_ARCH = YES;
				SDKROOT = macosx;
				SWIFT_OPTIMIZATION_LEVEL = "-Onone";
			};
			name = Debug;
		};
		1D91595C19B4DABE00169828 /* Release */ = {
			isa = XCBuildConfiguration;
			buildSettings = {
				ALWAYS_SEARCH_USER_PATHS = NO;
				CLANG_CXX_LANGUAGE_STANDARD = "gnu++0x";
				CLANG_CXX_LIBRARY = "libc++";
				CLANG_ENABLE_MODULES = YES;
				CLANG_ENABLE_OBJC_ARC = YES;
				CLANG_WARN_BOOL_CONVERSION = YES;
				CLANG_WARN_CONSTANT_CONVERSION = YES;
				CLANG_WARN_DIRECT_OBJC_ISA_USAGE = YES_ERROR;
				CLANG_WARN_EMPTY_BODY = YES;
				CLANG_WARN_ENUM_CONVERSION = YES;
				CLANG_WARN_INT_CONVERSION = YES;
				CLANG_WARN_OBJC_ROOT_CLASS = YES_ERROR;
				CLANG_WARN_UNREACHABLE_CODE = YES;
				CLANG_WARN__DUPLICATE_METHOD_MATCH = YES;
				COPY_PHASE_STRIP = YES;
				DEBUG_INFORMATION_FORMAT = "dwarf-with-dsym";
				ENABLE_NS_ASSERTIONS = NO;
				ENABLE_STRICT_OBJC_MSGSEND = YES;
				GCC_C_LANGUAGE_STANDARD = gnu99;
				GCC_WARN_64_TO_32_BIT_CONVERSION = YES;
				GCC_WARN_ABOUT_RETURN_TYPE = YES_ERROR;
				GCC_WARN_UNDECLARED_SELECTOR = YES;
				GCC_WARN_UNINITIALIZED_AUTOS = YES_AGGRESSIVE;
				GCC_WARN_UNUSED_FUNCTION = YES;
				GCC_WARN_UNUSED_VARIABLE = YES;
				MACOSX_DEPLOYMENT_TARGET = 10.9;
				MTL_ENABLE_DEBUG_INFO = NO;
				SDKROOT = macosx;
			};
			name = Release;
		};
		1D91595E19B4DABE00169828 /* Debug */ = {
			isa = XCBuildConfiguration;
			buildSettings = {
				PRODUCT_NAME = "$(TARGET_NAME)";
			};
			name = Debug;
		};
		1D91595F19B4DABE00169828 /* Release */ = {
			isa = XCBuildConfiguration;
			buildSettings = {
				PRODUCT_NAME = "$(TARGET_NAME)";
			};
			name = Release;
		};
/* End XCBuildConfiguration section */

/* Begin XCConfigurationList section */
		1D91595119B4DABE00169828 /* Build configuration list for PBXProject "Unit2Lesson3" */ = {
			isa = XCConfigurationList;
			buildConfigurations = (
				1D91595B19B4DABE00169828 /* Debug */,
				1D91595C19B4DABE00169828 /* Release */,
			);
			defaultConfigurationIsVisible = 0;
			defaultConfigurationName = Release;
		};
		1D91595D19B4DABE00169828 /* Build configuration list for PBXNativeTarget "Unit2Lesson3" */ = {
			isa = XCConfigurationList;
			buildConfigurations = (
				1D91595E19B4DABE00169828 /* Debug */,
				1D91595F19B4DABE00169828 /* Release */,
			);
			defaultConfigurationIsVisible = 0;
			defaultConfigurationName = Release;
		};
/* End XCConfigurationList section */
	};
	rootObject = 1D91594E19B4DABE00169828 /* Project object */;
}
